
Microsoft Visual Studio Solution File, Format Version 12.00
# Visual Studio Version 17
VisualStudioVersion = 17.6.33927.249
MinimumVisualStudioVersion = 10.0.40219.1
Project("{FAE04EC0-301F-11D3-BF4B-00C04F79EFBC}") = "WindowsFormsApp4", "WindowsFormsApp4\WindowsFormsApp4.csproj", "{A08C682F-68EE-4B18-ABF3-F2FE4E399DD8}"
EndProject
Global
	GlobalSection(SolutionConfigurationPlatforms) = preSolution
		Debug|Any CPU = Debug|Any CPU
		Release|Any CPU = Release|Any CPU
	EndGlobalSection
	GlobalSection(ProjectConfigurationPlatforms) = postSolution
		{A08C682F-68EE-4B18-ABF3-F2FE4E399DD8}.Debug|Any CPU.ActiveCfg = Debug|Any CPU
		{A08C682F-68EE-4B18-ABF3-F2FE4E399DD8}.Debug|Any CPU.Build.0 = Debug|Any CPU
		{A08C682F-68EE-4B18-ABF3-F2FE4E399DD8}.Release|Any CPU.ActiveCfg = Release|Any CPU
		{A08C682F-68EE-4B18-ABF3-F2FE4E399DD8}.Release|Any CPU.Build.0 = Release|Any CPU
	EndGlobalSection
	GlobalSection(SolutionProperties) = preSolution
		HideSolutionNode = FALSE
	EndGlobalSection
	GlobalSection(ExtensibilityGlobals) = postSolution
		SolutionGuid = {C2D6DEBD-A511-4E2E-AB4D-728FBFCEF762}
	EndGlobalSection
EndGlobal
